<?xml version="1.0" encoding="utf-8"?>
<Project ToolsVersion="4.0" xmlns="http://schemas.microsoft.com/developer/msbuild/2003">
  <ItemGroup>
    <Filter Include="Source Files">
      <UniqueIdentifier>{99d6072e-9373-431b-b525-3fe344fc0f69}</UniqueIdentifier>
      <Extensions>cpp;c;cxx;rc;def;r;odl;idl;hpj;bat</Extensions>
    </Filter>
    <Filter Include="Header Files">
      <UniqueIdentifier>{3bb8ce5f-4449-454f-93c0-76bd192542d2}</UniqueIdentifier>
      <Extensions>h;hpp;hxx;hm;inl</Extensions>
    </Filter>
    <Filter Include="Resource Files">
      <UniqueIdentifier>{c50c3961-44b2-4e03-bb90-8e170ac964f4}</UniqueIdentifier>
      <Extensions>ico;cur;bmp;dlg;rc2;rct;bin;rgs;gif;jpg;jpeg;jpe</Extensions>
    </Filter>
  </ItemGroup>
  <ItemGroup>
    <ClCompile Include="Keygen.cpp">
      <Filter>Source Files</Filter>
    </ClCompile>
    <ClCompile Include="VertScroll.cpp">
      <Filter>Source Files</Filter>
    </ClCompile>
    <ClCompile Include="BitmapMan.cpp">
      <Filter>Source Files</Filter>
    </ClCompile>
    <ClCompile Include="miniF.cpp">
      <Filter>Source Files</Filter>
    </ClCompile>
  </ItemGroup>
  <ItemGroup>
    <ResourceCompile Include="Keygen.rc">
      <Filter>Source Files</Filter>
    </ResourceCompile>
  </ItemGroup>
  <ItemGroup>
    <ClInclude Include="resource.h">
      <Filter>Header Files</Filter>
    </ClInclude>
    <ClInclude Include="VertScroll.h">
      <Filter>Header Files</Filter>
    </ClInclude>
    <ClInclude Include="BitmapMan.h">
      <Filter>Header Files</Filter>
    </ClInclude>
    <ClInclude Include="minifmod.h">
      <Filter>Header Files</Filter>
    </ClInclude>
    <ClInclude Include="miniF.h">
      <Filter>Header Files</Filter>
    </ClInclude>
  </ItemGroup>
  <ItemGroup>
    <None Include="data\Textures\red_grafiti2.raw" />
    <None Include="data\sounds\anarchymenu6.xm" />
  </ItemGroup>
  <ItemGroup>
    <Image Include="data\textures\pic.bmp">
      <Filter>Resource Files</Filter>
    </Image>
    <Image Include="Icon.ico">
      <Filter>Resource Files</Filter>
    </Image>
  </ItemGroup>
</Project>